
Microsoft Visual Studio Solution File, Format Version 12.00
# Visual Studio Version 17
VisualStudioVersion = 17.5.2.0
MinimumVisualStudioVersion = 10.0.40219.1
Project("{FAE04EC0-301F-11D3-BF4B-00C04F79EFBC}") = "DỰ ÁN 01", "DỰ ÁN 01.csproj", "{D5EE1913-CED4-C77F-274D-C6F64021F37E}"
EndProject
Global
	GlobalSection(SolutionConfigurationPlatforms) = preSolution
		Debug|Any CPU = Debug|Any CPU
		Release|Any CPU = Release|Any CPU
	EndGlobalSection
	GlobalSection(ProjectConfigurationPlatforms) = postSolution
		{D5EE1913-CED4-C77F-274D-C6F64021F37E}.Debug|Any CPU.ActiveCfg = Debug|Any CPU
		{D5EE1913-CED4-C77F-274D-C6F64021F37E}.Debug|Any CPU.Build.0 = Debug|Any CPU
		{D5EE1913-CED4-C77F-274D-C6F64021F37E}.Release|Any CPU.ActiveCfg = Release|Any CPU
		{D5EE1913-CED4-C77F-274D-C6F64021F37E}.Release|Any CPU.Build.0 = Release|Any CPU
	EndGlobalSection
	GlobalSection(SolutionProperties) = preSolution
		HideSolutionNode = FALSE
	EndGlobalSection
	GlobalSection(ExtensibilityGlobals) = postSolution
		SolutionGuid = {24891AAC-5224-4C4D-AB51-0BBC960AF94A}
	EndGlobalSection
EndGlobal
